version = 1
revision = 3
requires-python = ">=3.13"

[[package]]
name = "adafruit-blinka"
version = "8.66.2"
source = { registry = "https://pypi.org/simple" }
dependencies = [
    { name = "adafruit-circuitpython-typing" },
    { name = "adafruit-platformdetect" },
    { name = "adafruit-pureio" },
    { name = "binho-host-adapter" },
    { name = "pyftdi" },
    { name = "sysv-ipc", marker = "platform_machine != 'mips' and sys_platform == 'linux'" },
]
sdist = { url = "https://files.pythonhosted.org/packages/35/2d/7469c26dbeade72709096922db34a75fecb47c6953dba0cd4c14ee2b3b45/adafruit_blinka-8.66.2.tar.gz", hash = "sha256:35f72589aa45d8738922367753f5588700b043b35611510d8efbe818d1a355fd", size = 268839, upload-time = "2025-09-27T20:53:57.753Z" }
wheels = [
    { url = "https://files.pythonhosted.org/packages/70/c8/49ab498e87d04977a0c706af25825c5051daf2553b41c5b10eb7e9e8b19e/adafruit_blinka-8.66.2-py3-none-any.whl", hash = "sha256:93cfd6df6c523bc1312b731bdb4d51711d3ec6e468f18c8d40e09b7339bb2574", size = 399931, upload-time = "2025-09-27T20:53:56.014Z" },
]

[[package]]
name = "adafruit-circuitpython-busdevice"
version = "5.2.13"
source = { registry = "https://pypi.org/simple" }
dependencies = [
    { name = "adafruit-blinka" },
    { name = "adafruit-circuitpython-typing" },
]
sdist = { url = "https://files.pythonhosted.org/packages/34/de/6c974f577169789d5105baba5f9e7d3ac00fdc467bc21673382a5d9e41f4/adafruit_circuitpython_busdevice-5.2.13.tar.gz", hash = "sha256:8dbe511f08a347527652f494b55d793c91dc077e01666824b691ae96a05ff2e6", size = 24165, upload-time = "2025-06-17T16:35:35.483Z" }
wheels = [
    { url = "https://files.pythonhosted.org/packages/fb/4f/e9fad422c8e85213f3b9e2d0e58342c67bf03c50f889661adef12f07495f/adafruit_circuitpython_busdevice-5.2.13-py3-none-any.whl", hash = "sha256:de90f8cd9cc7f8815840f04b6a24c9aa5ec355b368934c7373e219a1c740ea97", size = 7501, upload-time = "2025-06-17T16:35:34.738Z" },
]

[[package]]
name = "adafruit-circuitpython-connectionmanager"
version = "3.1.5"
source = { registry = "https://pypi.org/simple" }
dependencies = [
    { name = "adafruit-blinka" },
]
sdist = { url = "https://files.pythonhosted.org/packages/6b/24/22c00c99d0597e703dd73b5f042854620a5db2424c03606e93d3f4e2e5a8/adafruit_circuitpython_connectionmanager-3.1.5.tar.gz", hash = "sha256:fc037d7ff81cf7bab7653f2810ed8c65fe228e7d51ca7a630724b412d6c77226", size = 33632, upload-time = "2025-06-17T16:33:46.705Z" }
wheels = [
    { url = "https://files.pythonhosted.org/packages/eb/37/09acb7aed34a1c72465884d071a9dbad112994a3f416ad904e4acfd83bc8/adafruit_circuitpython_connectionmanager-3.1.5-py3-none-any.whl", hash = "sha256:cea077efe79eaefcd8fc0d6649dbcc6cb0765f71a08bd944fb163043b18cd094", size = 7767, upload-time = "2025-06-17T16:33:45.931Z" },
]

[[package]]
name = "adafruit-circuitpython-mcp4725"
version = "0.0.0+auto.0"
source = { editable = "." }
dependencies = [
    { name = "adafruit-blinka" },
    { name = "adafruit-circuitpython-busdevice" },
]

[package.metadata]
requires-dist = [
    { name = "adafruit-blinka" },
    { name = "adafruit-circuitpython-busdevice" },
]
provides-extras = ["optional"]

[[package]]
name = "adafruit-circuitpython-requests"
version = "4.1.13"
source = { registry = "https://pypi.org/simple" }
dependencies = [
    { name = "adafruit-blinka" },
    { name = "adafruit-circuitpython-connectionmanager" },
]
sdist = { url = "https://files.pythonhosted.org/packages/55/5c/d17ff26270289c11ea787a73a922c1a9d85d8dea67e8d2fad1e36b181bc1/adafruit_circuitpython_requests-4.1.13.tar.gz", hash = "sha256:a63fa4eb5824f1f458030da6f44a060d28c01570ffa48569b992abe8e477a1d6", size = 67276, upload-time = "2025-06-17T16:39:26.862Z" }
wheels = [
    { url = "https://files.pythonhosted.org/packages/bf/53/c59ee1edf3305fc5a66ea62db50918ce841a5f6bf7b94d273625a9364f7d/adafruit_circuitpython_requests-4.1.13-py3-none-any.whl", hash = "sha256:2d5af59a96dca033033fcc8c17829c3fb28ed8c36a95fe1093c463f5841bc5a5", size = 10880, upload-time = "2025-06-17T16:39:25.909Z" },
]

[[package]]
name = "adafruit-circuitpython-typing"
version = "1.12.2"
source = { registry = "https://pypi.org/simple" }
dependencies = [
    { name = "adafruit-blinka" },
    { name = "adafruit-circuitpython-busdevice" },
    { name = "adafruit-circuitpython-requests" },
    { name = "typing-extensions" },
]
sdist = { url = "https://files.pythonhosted.org/packages/31/12/cd335c0adfdbf836cd6cfc0658238fe1e056481cc9d83d1960acd4af6b0b/adafruit_circuitpython_typing-1.12.2.tar.gz", hash = "sha256:8a38ad064a665f84ce7a89454f0f37fd072f77d1b5b1a207bc54181cdd0d7e26", size = 25358, upload-time = "2025-09-08T19:52:43.56Z" }
wheels = [
    { url = "https://files.pythonhosted.org/packages/dc/9b/87d9f26652b10250d427f50116c00fa90c80d21c9c6cc361b69692cc29ca/adafruit_circuitpython_typing-1.12.2-py3-none-any.whl", hash = "sha256:d03e20cb86c5daaadd5297b7d729bd9280fae540a86cbe9fdfa687ca5f4b1f45", size = 11014, upload-time = "2025-09-08T19:52:42.414Z" },
]

[[package]]
name = "adafruit-platformdetect"
version = "3.84.0"
source = { registry = "https://pypi.org/simple" }
sdist = { url = "https://files.pythonhosted.org/packages/5a/7b/42a3d2a5d6f470a70e47c8c4c122c8014e91bda35876518709004651338b/adafruit_platformdetect-3.84.0.tar.gz", hash = "sha256:71dc77b358047e6ae4fe94247ea03449fe8ab3e3e937239d5bd1d4b942ebee73", size = 49154, upload-time = "2025-09-27T20:01:41.816Z" }
wheels = [
    { url = "https://files.pythonhosted.org/packages/aa/e0/932c83d203fa90961dc8f853bbfc889d1985a81267db0a1032a91f086af8/adafruit_platformdetect-3.84.0-py3-none-any.whl", hash = "sha256:7c0ebb89e3e40a36b53363377fe05b517e756b1a8944afcee25f633de79e149f", size = 26613, upload-time = "2025-09-27T20:01:40.292Z" },
]

[[package]]
name = "adafruit-pureio"
version = "1.1.11"
source = { registry = "https://pypi.org/simple" }
sdist = { url = "https://files.pythonhosted.org/packages/e5/b7/f1672435116822079bbdab42163f9e6424769b7db778873d95d18c085230/Adafruit_PureIO-1.1.11.tar.gz", hash = "sha256:c4cfbb365731942d1f1092a116f47dfdae0aef18c5b27f1072b5824ad5ea8c7c", size = 35511, upload-time = "2023-05-25T19:01:34.654Z" }
wheels = [
    { url = "https://files.pythonhosted.org/packages/19/9d/28e9d12f36e13c5f2acba3098187b0e931290ecd1d8df924391b5ad2db19/Adafruit_PureIO-1.1.11-py3-none-any.whl", hash = "sha256:281ab2099372cc0decc26326918996cbf21b8eed694ec4764d51eefa029d324e", size = 10678, upload-time = "2023-05-25T19:01:32.397Z" },
]

[[package]]
name = "binho-host-adapter"
version = "0.1.6"
source = { registry = "https://pypi.org/simple" }
dependencies = [
    { name = "pyserial" },
]
sdist = { url = "https://files.pythonhosted.org/packages/68/36/29b7b896e83e195fac6d64ccff95c0f24a18ee86e7437a22e60e0331d90a/binho-host-adapter-0.1.6.tar.gz", hash = "sha256:1e6da7a84e208c13b5f489066f05774bff1d593d0f5bf1ca149c2b8e83eae856", size = 10068, upload-time = "2020-06-04T19:38:11.789Z" }
wheels = [
    { url = "https://files.pythonhosted.org/packages/7b/6b/0f13486003aea3eb349c2946b7ec9753e7558b78e35d22c938062a96959c/binho_host_adapter-0.1.6-py3-none-any.whl", hash = "sha256:f71ca176c1e2fc1a5dce128beb286da217555c6c7c805f2ed282a6f3507ec277", size = 10540, upload-time = "2020-06-04T19:38:10.612Z" },
]

[[package]]
name = "pyftdi"
version = "0.57.1"
source = { registry = "https://pypi.org/simple" }
dependencies = [
    { name = "pyserial" },
    { name = "pyusb" },
]
wheels = [
    { url = "https://files.pythonhosted.org/packages/16/cd/0731490946e037e954ef83719f07c7672cf32bc90dd9c75201c40b827664/pyftdi-0.57.1-py3-none-any.whl", hash = "sha256:efd3f5a7d43202dc883ff261a7b1cb4dcbbe65b19628f8603a8b1183a7bc2841", size = 146180, upload-time = "2025-08-14T15:59:16.164Z" },
]

[[package]]
name = "pyserial"
version = "3.5"
source = { registry = "https://pypi.org/simple" }
sdist = { url = "https://files.pythonhosted.org/packages/1e/7d/ae3f0a63f41e4d2f6cb66a5b57197850f919f59e558159a4dd3a818f5082/pyserial-3.5.tar.gz", hash = "sha256:3c77e014170dfffbd816e6ffc205e9842efb10be9f58ec16d3e8675b4925cddb", size = 159125, upload-time = "2020-11-23T03:59:15.045Z" }
wheels = [
    { url = "https://files.pythonhosted.org/packages/07/bc/587a445451b253b285629263eb51c2d8e9bcea4fc97826266d186f96f558/pyserial-3.5-py2.py3-none-any.whl", hash = "sha256:c4451db6ba391ca6ca299fb3ec7bae67a5c55dde170964c7a14ceefec02f2cf0", size = 90585, upload-time = "2020-11-23T03:59:13.41Z" },
]

[[package]]
name = "pyusb"
version = "1.3.1"
source = { registry = "https://pypi.org/simple" }
sdist = { url = "https://files.pythonhosted.org/packages/00/6b/ce3727395e52b7b76dfcf0c665e37d223b680b9becc60710d4bc08b7b7cb/pyusb-1.3.1.tar.gz", hash = "sha256:3af070b607467c1c164f49d5b0caabe8ac78dbed9298d703a8dbf9df4052d17e", size = 77281, upload-time = "2025-01-08T23:45:01.866Z" }
wheels = [
    { url = "https://files.pythonhosted.org/packages/28/b8/27e6312e86408a44fe16bd28ee12dd98608b39f7e7e57884a24e8f29b573/pyusb-1.3.1-py3-none-any.whl", hash = "sha256:bf9b754557af4717fe80c2b07cc2b923a9151f5c08d17bdb5345dac09d6a0430", size = 58465, upload-time = "2025-01-08T23:45:00.029Z" },
]

[[package]]
name = "sysv-ipc"
version = "1.1.0"
source = { registry = "https://pypi.org/simple" }
sdist = { url = "https://files.pythonhosted.org/packages/0c/d7/5d2f861155e9749f981e6c58f2a482d3ab458bf8c35ae24d4b4d5899ebf9/sysv_ipc-1.1.0.tar.gz", hash = "sha256:0f063cbd36ec232032e425769ebc871f195a7d183b9af32f9901589ea7129ac3", size = 99448, upload-time = "2021-01-17T19:07:44.217Z" }

[[package]]
name = "typing-extensions"
version = "4.15.0"
source = { registry = "https://pypi.org/simple" }
sdist = { url = "https://files.pythonhosted.org/packages/72/94/1a15dd82efb362ac84269196e94cf00f187f7ed21c242792a923cdb1c61f/typing_extensions-4.15.0.tar.gz", hash = "sha256:0cea48d173cc12fa28ecabc3b837ea3cf6f38c6d1136f85cbaaf598984861466", size = 109391, upload-time = "2025-08-25T13:49:26.313Z" }
wheels = [
    { url = "https://files.pythonhosted.org/packages/18/67/36e9267722cc04a6b9f15c7f3441c2363321a3ea07da7ae0c0707beb2a9c/typing_extensions-4.15.0-py3-none-any.whl", hash = "sha256:f0fa19c6845758ab08074a0cfa8b7aecb71c999ca73d62883bc25cc018c4e548", size = 44614, upload-time = "2025-08-25T13:49:24.86Z" },
]
